
Microsoft Visual Studio Solution File, Format Version 12.00
# Visual Studio Version 16
VisualStudioVersion = 16.0.808.4
MinimumVisualStudioVersion = 10.0.40219.1
Project("{FAE04EC0-301F-11D3-BF4B-00C04F79EFBC}") = "BookClient", "BookClient\BookClient.csproj", "{72F92CA4-0799-4696-A936-8937B53D3881}"
EndProject
Project("{FAE04EC0-301F-11D3-BF4B-00C04F79EFBC}") = "BookClient.iOS", "BookClient.iOS\BookClient.iOS.csproj", "{A821C68D-A72D-4A21-844F-A043352EEB49}"
EndProject
Project("{FAE04EC0-301F-11D3-BF4B-00C04F79EFBC}") = "BookClient.Android", "BookClient.Android\BookClient.Android.csproj", "{A03B6BA2-4562-4AEA-94D7-1AC146FAEE7E}"
EndProject
Global
	GlobalSection(SolutionConfigurationPlatforms) = preSolution
		Debug|Any CPU = Debug|Any CPU
		Release|Any CPU = Release|Any CPU
		Debug|iPhoneSimulator = Debug|iPhoneSimulator
		Release|iPhoneSimulator = Release|iPhoneSimulator
		Debug|iPhone = Debug|iPhone
		Release|iPhone = Release|iPhone
	EndGlobalSection
	GlobalSection(ProjectConfigurationPlatforms) = postSolution
		{72F92CA4-0799-4696-A936-8937B53D3881}.Debug|Any CPU.ActiveCfg = Debug|Any CPU
		{72F92CA4-0799-4696-A936-8937B53D3881}.Debug|Any CPU.Build.0 = Debug|Any CPU
		{72F92CA4-0799-4696-A936-8937B53D3881}.Release|Any CPU.ActiveCfg = Release|Any CPU
		{72F92CA4-0799-4696-A936-8937B53D3881}.Release|Any CPU.Build.0 = Release|Any CPU
		{72F92CA4-0799-4696-A936-8937B53D3881}.Debug|iPhoneSimulator.ActiveCfg = Debug|Any CPU
		{72F92CA4-0799-4696-A936-8937B53D3881}.Debug|iPhoneSimulator.Build.0 = Debug|Any CPU
		{72F92CA4-0799-4696-A936-8937B53D3881}.Release|iPhoneSimulator.ActiveCfg = Release|Any CPU
		{72F92CA4-0799-4696-A936-8937B53D3881}.Release|iPhoneSimulator.Build.0 = Release|Any CPU
		{72F92CA4-0799-4696-A936-8937B53D3881}.Debug|iPhone.ActiveCfg = Debug|Any CPU
		{72F92CA4-0799-4696-A936-8937B53D3881}.Debug|iPhone.Build.0 = Debug|Any CPU
		{72F92CA4-0799-4696-A936-8937B53D3881}.Release|iPhone.ActiveCfg = Release|Any CPU
		{72F92CA4-0799-4696-A936-8937B53D3881}.Release|iPhone.Build.0 = Release|Any CPU
		{A821C68D-A72D-4A21-844F-A043352EEB49}.Debug|Any CPU.ActiveCfg = Debug|iPhoneSimulator
		{A821C68D-A72D-4A21-844F-A043352EEB49}.Debug|Any CPU.Build.0 = Debug|iPhoneSimulator
		{A821C68D-A72D-4A21-844F-A043352EEB49}.Release|Any CPU.ActiveCfg = Release|iPhoneSimulator
		{A821C68D-A72D-4A21-844F-A043352EEB49}.Release|Any CPU.Build.0 = Release|iPhoneSimulator
		{A821C68D-A72D-4A21-844F-A043352EEB49}.Debug|iPhoneSimulator.ActiveCfg = Debug|iPhoneSimulator
		{A821C68D-A72D-4A21-844F-A043352EEB49}.Debug|iPhoneSimulator.Build.0 = Debug|iPhoneSimulator
		{A821C68D-A72D-4A21-844F-A043352EEB49}.Release|iPhoneSimulator.ActiveCfg = Release|iPhoneSimulator
		{A821C68D-A72D-4A21-844F-A043352EEB49}.Release|iPhoneSimulator.Build.0 = Release|iPhoneSimulator
		{A821C68D-A72D-4A21-844F-A043352EEB49}.Debug|iPhone.ActiveCfg = Debug|iPhone
		{A821C68D-A72D-4A21-844F-A043352EEB49}.Debug|iPhone.Build.0 = Debug|iPhone
		{A821C68D-A72D-4A21-844F-A043352EEB49}.Release|iPhone.ActiveCfg = Release|iPhone
		{A821C68D-A72D-4A21-844F-A043352EEB49}.Release|iPhone.Build.0 = Release|iPhone
		{A03B6BA2-4562-4AEA-94D7-1AC146FAEE7E}.Debug|Any CPU.ActiveCfg = Debug|Any CPU
		{A03B6BA2-4562-4AEA-94D7-1AC146FAEE7E}.Debug|Any CPU.Build.0 = Debug|Any CPU
		{A03B6BA2-4562-4AEA-94D7-1AC146FAEE7E}.Release|Any CPU.ActiveCfg = Release|Any CPU
		{A03B6BA2-4562-4AEA-94D7-1AC146FAEE7E}.Release|Any CPU.Build.0 = Release|Any CPU
		{A03B6BA2-4562-4AEA-94D7-1AC146FAEE7E}.Debug|iPhoneSimulator.ActiveCfg = Debug|Any CPU
		{A03B6BA2-4562-4AEA-94D7-1AC146FAEE7E}.Debug|iPhoneSimulator.Build.0 = Debug|Any CPU
		{A03B6BA2-4562-4AEA-94D7-1AC146FAEE7E}.Release|iPhoneSimulator.ActiveCfg = Release|Any CPU
		{A03B6BA2-4562-4AEA-94D7-1AC146FAEE7E}.Release|iPhoneSimulator.Build.0 = Release|Any CPU
		{A03B6BA2-4562-4AEA-94D7-1AC146FAEE7E}.Debug|iPhone.ActiveCfg = Debug|Any CPU
		{A03B6BA2-4562-4AEA-94D7-1AC146FAEE7E}.Debug|iPhone.Build.0 = Debug|Any CPU
		{A03B6BA2-4562-4AEA-94D7-1AC146FAEE7E}.Release|iPhone.ActiveCfg = Release|Any CPU
		{A03B6BA2-4562-4AEA-94D7-1AC146FAEE7E}.Release|iPhone.Build.0 = Release|Any CPU
	EndGlobalSection
	GlobalSection(SolutionProperties) = preSolution
		HideSolutionNode = FALSE
	EndGlobalSection
	GlobalSection(ExtensibilityGlobals) = postSolution
		SolutionGuid = {5CC27E0A-B282-403C-A9AE-A5436E50412F}
	EndGlobalSection
EndGlobal
